// !$*UTF8*$!
{
	archiveVersion = 1;
	classes = {
	};
	objectVersion = 51;
	objects = {

/* Begin PBXBuildFile section */
		984E81A892E7CB835338AE48 /* Pods_iChat.framework in Frameworks */ = {isa = PBXBuildFile; fileRef = DAE86D0F3950997AC3FC5CEE /* Pods_iChat.framework */; };
		EE068E3F2540E0C300F20AFE /* UIButton + Extension.swift in Sources */ = {isa = PBXBuildFile; fileRef = EE068E3E2540E0C300F20AFE /* UIButton + Extension.swift */; };
		EE216BB5254AAE4A00361DA8 /* GoogleService-Info.plist in Resources */ = {isa = PBXBuildFile; fileRef = EE216BB4254AAE4A00361DA8 /* GoogleService-Info.plist */; };
		EE216BC7254AB4B600361DA8 /* AuthService.swift in Sources */ = {isa = PBXBuildFile; fileRef = EE216BC6254AB4B600361DA8 /* AuthService.swift */; };
		EE216BCB254ABFC500361DA8 /* Validators.swift in Sources */ = {isa = PBXBuildFile; fileRef = EE216BCA254ABFC500361DA8 /* Validators.swift */; };
		EE216BCE254AC1F100361DA8 /* AuthError.swift in Sources */ = {isa = PBXBuildFile; fileRef = EE216BCD254AC1F100361DA8 /* AuthError.swift */; };
		EE3879892541B47700985075 /* ButtonFormView.swift in Sources */ = {isa = PBXBuildFile; fileRef = EE3879882541B47700985075 /* ButtonFormView.swift */; };
		EE38798D2541B87E00985075 /* UIStackView + Extension.swift in Sources */ = {isa = PBXBuildFile; fileRef = EE38798C2541B87E00985075 /* UIStackView + Extension.swift */; };
		EE3879902541D16B00985075 /* SignUpViewController.swift in Sources */ = {isa = PBXBuildFile; fileRef = EE38798F2541D16B00985075 /* SignUpViewController.swift */; };
		EE3879942541D3BF00985075 /* OneLineTextField.swift in Sources */ = {isa = PBXBuildFile; fileRef = EE3879932541D3BF00985075 /* OneLineTextField.swift */; };
		EE3879992541E32E00985075 /* LoginViewController.swift in Sources */ = {isa = PBXBuildFile; fileRef = EE3879982541E32E00985075 /* LoginViewController.swift */; };
		EE38799C2541FA3300985075 /* SetupProfileViewController.swift in Sources */ = {isa = PBXBuildFile; fileRef = EE38799B2541FA3300985075 /* SetupProfileViewController.swift */; };
		EE6864182541FD3100550130 /* AddPhotoView.swift in Sources */ = {isa = PBXBuildFile; fileRef = EE6864172541FD3100550130 /* AddPhotoView.swift */; };
		EE68641D2543761F00550130 /* UISegmentedControl + Extensions.swift in Sources */ = {isa = PBXBuildFile; fileRef = EE68641C2543761F00550130 /* UISegmentedControl + Extensions.swift */; };
		EE8EEBB92546C3FA00C3EF6D /* waitingChats.json in Resources */ = {isa = PBXBuildFile; fileRef = EE8EEBB72546C3FA00C3EF6D /* waitingChats.json */; };
		EE8EEBBA2546C3FA00C3EF6D /* activeChats.json in Resources */ = {isa = PBXBuildFile; fileRef = EE8EEBB82546C3FA00C3EF6D /* activeChats.json */; };
		EE8EEBBD2546C41D00C3EF6D /* Bundle-Decodable.swift in Sources */ = {isa = PBXBuildFile; fileRef = EE8EEBBC2546C41D00C3EF6D /* Bundle-Decodable.swift */; };
		EE8EEBC22546CFDA00C3EF6D /* ActiveChatCell.swift in Sources */ = {isa = PBXBuildFile; fileRef = EE8EEBC12546CFDA00C3EF6D /* ActiveChatCell.swift */; };
		EE8EEBE225495B5800C3EF6D /* GradientView.swift in Sources */ = {isa = PBXBuildFile; fileRef = EE8EEBE125495B5800C3EF6D /* GradientView.swift */; };
		EE8EEBE62549606F00C3EF6D /* WaitingChatCell.swift in Sources */ = {isa = PBXBuildFile; fileRef = EE8EEBE52549606F00C3EF6D /* WaitingChatCell.swift */; };
		EE8EEBEA254961A200C3EF6D /* SelfConfiguringCell.swift in Sources */ = {isa = PBXBuildFile; fileRef = EE8EEBE9254961A200C3EF6D /* SelfConfiguringCell.swift */; };
		EE8EEBEE254974A100C3EF6D /* SectionHeader.swift in Sources */ = {isa = PBXBuildFile; fileRef = EE8EEBED254974A100C3EF6D /* SectionHeader.swift */; };
		EE8EEBF22549809900C3EF6D /* users.json in Resources */ = {isa = PBXBuildFile; fileRef = EE8EEBF12549809900C3EF6D /* users.json */; };
		EE8EEBF62549817000C3EF6D /* MChat.swift in Sources */ = {isa = PBXBuildFile; fileRef = EE8EEBF52549817000C3EF6D /* MChat.swift */; };
		EE8EEBFB2549818E00C3EF6D /* MUser.swift in Sources */ = {isa = PBXBuildFile; fileRef = EE8EEBFA2549818E00C3EF6D /* MUser.swift */; };
		EE8EEC002549A7F400C3EF6D /* UserCell.swift in Sources */ = {isa = PBXBuildFile; fileRef = EE8EEBFF2549A7F400C3EF6D /* UserCell.swift */; };
		EE8EEC032549A96E00C3EF6D /* UIViewController + Extension.swift in Sources */ = {isa = PBXBuildFile; fileRef = EE8EEC022549A96E00C3EF6D /* UIViewController + Extension.swift */; };
		EE8EEC06254A038F00C3EF6D /* ProfileViewController.swift in Sources */ = {isa = PBXBuildFile; fileRef = EE8EEC05254A038F00C3EF6D /* ProfileViewController.swift */; };
		EE8EEC09254A085100C3EF6D /* InsertableTextField.swift in Sources */ = {isa = PBXBuildFile; fileRef = EE8EEC08254A085100C3EF6D /* InsertableTextField.swift */; };
		EE8EEC0D254A0C1200C3EF6D /* UIView + Extension.swift in Sources */ = {isa = PBXBuildFile; fileRef = EE8EEC0C254A0C1200C3EF6D /* UIView + Extension.swift */; };
		EE8EEC10254A143700C3EF6D /* ChatRequestViewController.swift in Sources */ = {isa = PBXBuildFile; fileRef = EE8EEC0F254A143700C3EF6D /* ChatRequestViewController.swift */; };
		EEAB2025254AFAB2004FD705 /* AuthNavigatingDelegate.swift in Sources */ = {isa = PBXBuildFile; fileRef = EEAB2024254AFAB2004FD705 /* AuthNavigatingDelegate.swift */; };
		EEAB2028254C6315004FD705 /* FirestoreService.swift in Sources */ = {isa = PBXBuildFile; fileRef = EEAB2027254C6315004FD705 /* FirestoreService.swift */; };
		EEAB2040254C6AE7004FD705 /* UserError.swift in Sources */ = {isa = PBXBuildFile; fileRef = EEAB203F254C6AE7004FD705 /* UserError.swift */; };
		EEAB205C254D7E36004FD705 /* UIApplication + Extension.swift in Sources */ = {isa = PBXBuildFile; fileRef = EEAB205B254D7E36004FD705 /* UIApplication + Extension.swift */; };
		EEB4C9512540E33500863816 /* UIFont + Extension.swift in Sources */ = {isa = PBXBuildFile; fileRef = EEB4C9502540E33500863816 /* UIFont + Extension.swift */; };
		EEB4C9542540E40C00863816 /* UIColor + Extension.swift in Sources */ = {isa = PBXBuildFile; fileRef = EEB4C9532540E40C00863816 /* UIColor + Extension.swift */; };
		EEB4C9572540E66C00863816 /* UILabel + Extension.swift in Sources */ = {isa = PBXBuildFile; fileRef = EEB4C9562540E66C00863816 /* UILabel + Extension.swift */; };
		EEB4C95A2540E74B00863816 /* UIImageView + Extension.swift in Sources */ = {isa = PBXBuildFile; fileRef = EEB4C9592540E74B00863816 /* UIImageView + Extension.swift */; };
		EEB6C7E02544AA8600085D62 /* ListViewController.swift in Sources */ = {isa = PBXBuildFile; fileRef = EEB6C7DF2544AA8600085D62 /* ListViewController.swift */; };
		EEB6C7E62544AC5400085D62 /* MainTabBarController.swift in Sources */ = {isa = PBXBuildFile; fileRef = EEB6C7E52544AC5400085D62 /* MainTabBarController.swift */; };
		EEB6C7EA2544AC9300085D62 /* PeopleViewController.swift in Sources */ = {isa = PBXBuildFile; fileRef = EEB6C7E92544AC9300085D62 /* PeopleViewController.swift */; };
		EEEEE61D2540AD8200A8D4D2 /* AppDelegate.swift in Sources */ = {isa = PBXBuildFile; fileRef = EEEEE61C2540AD8200A8D4D2 /* AppDelegate.swift */; };
		EEEEE61F2540AD8200A8D4D2 /* SceneDelegate.swift in Sources */ = {isa = PBXBuildFile; fileRef = EEEEE61E2540AD8200A8D4D2 /* SceneDelegate.swift */; };
		EEEEE6212540AD8200A8D4D2 /* AuthViewController.swift in Sources */ = {isa = PBXBuildFile; fileRef = EEEEE6202540AD8200A8D4D2 /* AuthViewController.swift */; };
		EEEEE6262540AD8500A8D4D2 /* Assets.xcassets in Resources */ = {isa = PBXBuildFile; fileRef = EEEEE6252540AD8500A8D4D2 /* Assets.xcassets */; };
		EEEEE6292540AD8500A8D4D2 /* LaunchScreen.storyboard in Resources */ = {isa = PBXBuildFile; fileRef = EEEEE6272540AD8500A8D4D2 /* LaunchScreen.storyboard */; };
/* End PBXBuildFile section */

/* Begin PBXFileReference section */
		523751AEEAEDE067C6A599C9 /* Pods-iChat.release.xcconfig */ = {isa = PBXFileReference; includeInIndex = 1; lastKnownFileType = text.xcconfig; name = "Pods-iChat.release.xcconfig"; path = "Target Support Files/Pods-iChat/Pods-iChat.release.xcconfig"; sourceTree = "<group>"; };
		66A72568D4DD7056AADB513C /* Pods-iChat.debug.xcconfig */ = {isa = PBXFileReference; includeInIndex = 1; lastKnownFileType = text.xcconfig; name = "Pods-iChat.debug.xcconfig"; path = "Target Support Files/Pods-iChat/Pods-iChat.debug.xcconfig"; sourceTree = "<group>"; };
		DAE86D0F3950997AC3FC5CEE /* Pods_iChat.framework */ = {isa = PBXFileReference; explicitFileType = wrapper.framework; includeInIndex = 0; path = Pods_iChat.framework; sourceTree = BUILT_PRODUCTS_DIR; };
		EE068E3E2540E0C300F20AFE /* UIButton + Extension.swift */ = {isa = PBXFileReference; lastKnownFileType = sourcecode.swift; path = "UIButton + Extension.swift"; sourceTree = "<group>"; };
		EE216BB4254AAE4A00361DA8 /* GoogleService-Info.plist */ = {isa = PBXFileReference; fileEncoding = 4; lastKnownFileType = text.plist.xml; path = "GoogleService-Info.plist"; sourceTree = "<group>"; };
		EE216BC6254AB4B600361DA8 /* AuthService.swift */ = {isa = PBXFileReference; lastKnownFileType = sourcecode.swift; path = AuthService.swift; sourceTree = "<group>"; };
		EE216BCA254ABFC500361DA8 /* Validators.swift */ = {isa = PBXFileReference; lastKnownFileType = sourcecode.swift; path = Validators.swift; sourceTree = "<group>"; };
		EE216BCD254AC1F100361DA8 /* AuthError.swift */ = {isa = PBXFileReference; lastKnownFileType = sourcecode.swift; path = AuthError.swift; sourceTree = "<group>"; };
		EE3879882541B47700985075 /* ButtonFormView.swift */ = {isa = PBXFileReference; lastKnownFileType = sourcecode.swift; path = ButtonFormView.swift; sourceTree = "<group>"; };
		EE38798C2541B87E00985075 /* UIStackView + Extension.swift */ = {isa = PBXFileReference; lastKnownFileType = sourcecode.swift; path = "UIStackView + Extension.swift"; sourceTree = "<group>"; };
		EE38798F2541D16B00985075 /* SignUpViewController.swift */ = {isa = PBXFileReference; lastKnownFileType = sourcecode.swift; path = SignUpViewController.swift; sourceTree = "<group>"; };
		EE3879932541D3BF00985075 /* OneLineTextField.swift */ = {isa = PBXFileReference; lastKnownFileType = sourcecode.swift; path = OneLineTextField.swift; sourceTree = "<group>"; };
		EE3879982541E32E00985075 /* LoginViewController.swift */ = {isa = PBXFileReference; lastKnownFileType = sourcecode.swift; path = LoginViewController.swift; sourceTree = "<group>"; };
		EE38799B2541FA3300985075 /* SetupProfileViewController.swift */ = {isa = PBXFileReference; lastKnownFileType = sourcecode.swift; path = SetupProfileViewController.swift; sourceTree = "<group>"; };
		EE6864172541FD3100550130 /* AddPhotoView.swift */ = {isa = PBXFileReference; lastKnownFileType = sourcecode.swift; path = AddPhotoView.swift; sourceTree = "<group>"; };
		EE68641C2543761F00550130 /* UISegmentedControl + Extensions.swift */ = {isa = PBXFileReference; lastKnownFileType = sourcecode.swift; path = "UISegmentedControl + Extensions.swift"; sourceTree = "<group>"; };
		EE8EEBB72546C3FA00C3EF6D /* waitingChats.json */ = {isa = PBXFileReference; fileEncoding = 4; lastKnownFileType = text.json; path = waitingChats.json; sourceTree = "<group>"; };
		EE8EEBB82546C3FA00C3EF6D /* activeChats.json */ = {isa = PBXFileReference; fileEncoding = 4; lastKnownFileType = text.json; path = activeChats.json; sourceTree = "<group>"; };
		EE8EEBBC2546C41D00C3EF6D /* Bundle-Decodable.swift */ = {isa = PBXFileReference; lastKnownFileType = sourcecode.swift; path = "Bundle-Decodable.swift"; sourceTree = "<group>"; };
		EE8EEBC12546CFDA00C3EF6D /* ActiveChatCell.swift */ = {isa = PBXFileReference; lastKnownFileType = sourcecode.swift; path = ActiveChatCell.swift; sourceTree = "<group>"; };
		EE8EEBE125495B5800C3EF6D /* GradientView.swift */ = {isa = PBXFileReference; lastKnownFileType = sourcecode.swift; path = GradientView.swift; sourceTree = "<group>"; };
		EE8EEBE52549606F00C3EF6D /* WaitingChatCell.swift */ = {isa = PBXFileReference; lastKnownFileType = sourcecode.swift; path = WaitingChatCell.swift; sourceTree = "<group>"; };
		EE8EEBE9254961A200C3EF6D /* SelfConfiguringCell.swift */ = {isa = PBXFileReference; lastKnownFileType = sourcecode.swift; path = SelfConfiguringCell.swift; sourceTree = "<group>"; };
		EE8EEBED254974A100C3EF6D /* SectionHeader.swift */ = {isa = PBXFileReference; lastKnownFileType = sourcecode.swift; path = SectionHeader.swift; sourceTree = "<group>"; };
		EE8EEBF12549809900C3EF6D /* users.json */ = {isa = PBXFileReference; fileEncoding = 4; lastKnownFileType = text.json; path = users.json; sourceTree = "<group>"; };
		EE8EEBF52549817000C3EF6D /* MChat.swift */ = {isa = PBXFileReference; lastKnownFileType = sourcecode.swift; path = MChat.swift; sourceTree = "<group>"; };
		EE8EEBFA2549818E00C3EF6D /* MUser.swift */ = {isa = PBXFileReference; lastKnownFileType = sourcecode.swift; path = MUser.swift; sourceTree = "<group>"; };
		EE8EEBFF2549A7F400C3EF6D /* UserCell.swift */ = {isa = PBXFileReference; lastKnownFileType = sourcecode.swift; path = UserCell.swift; sourceTree = "<group>"; };
		EE8EEC022549A96E00C3EF6D /* UIViewController + Extension.swift */ = {isa = PBXFileReference; lastKnownFileType = sourcecode.swift; path = "UIViewController + Extension.swift"; sourceTree = "<group>"; };
		EE8EEC05254A038F00C3EF6D /* ProfileViewController.swift */ = {isa = PBXFileReference; lastKnownFileType = sourcecode.swift; path = ProfileViewController.swift; sourceTree = "<group>"; };
		EE8EEC08254A085100C3EF6D /* InsertableTextField.swift */ = {isa = PBXFileReference; lastKnownFileType = sourcecode.swift; path = InsertableTextField.swift; sourceTree = "<group>"; };
		EE8EEC0C254A0C1200C3EF6D /* UIView + Extension.swift */ = {isa = PBXFileReference; lastKnownFileType = sourcecode.swift; path = "UIView + Extension.swift"; sourceTree = "<group>"; };
		EE8EEC0F254A143700C3EF6D /* ChatRequestViewController.swift */ = {isa = PBXFileReference; lastKnownFileType = sourcecode.swift; path = ChatRequestViewController.swift; sourceTree = "<group>"; };
		EEAB2024254AFAB2004FD705 /* AuthNavigatingDelegate.swift */ = {isa = PBXFileReference; lastKnownFileType = sourcecode.swift; path = AuthNavigatingDelegate.swift; sourceTree = "<group>"; };
		EEAB2027254C6315004FD705 /* FirestoreService.swift */ = {isa = PBXFileReference; lastKnownFileType = sourcecode.swift; path = FirestoreService.swift; sourceTree = "<group>"; };
		EEAB203F254C6AE7004FD705 /* UserError.swift */ = {isa = PBXFileReference; lastKnownFileType = sourcecode.swift; path = UserError.swift; sourceTree = "<group>"; };
		EEAB205B254D7E36004FD705 /* UIApplication + Extension.swift */ = {isa = PBXFileReference; lastKnownFileType = sourcecode.swift; path = "UIApplication + Extension.swift"; sourceTree = "<group>"; };
		EEB4C9502540E33500863816 /* UIFont + Extension.swift */ = {isa = PBXFileReference; lastKnownFileType = sourcecode.swift; path = "UIFont + Extension.swift"; sourceTree = "<group>"; };
		EEB4C9532540E40C00863816 /* UIColor + Extension.swift */ = {isa = PBXFileReference; lastKnownFileType = sourcecode.swift; path = "UIColor + Extension.swift"; sourceTree = "<group>"; };
		EEB4C9562540E66C00863816 /* UILabel + Extension.swift */ = {isa = PBXFileReference; lastKnownFileType = sourcecode.swift; path = "UILabel + Extension.swift"; sourceTree = "<group>"; };
		EEB4C9592540E74B00863816 /* UIImageView + Extension.swift */ = {isa = PBXFileReference; lastKnownFileType = sourcecode.swift; path = "UIImageView + Extension.swift"; sourceTree = "<group>"; };
		EEB6C7DF2544AA8600085D62 /* ListViewController.swift */ = {isa = PBXFileReference; lastKnownFileType = sourcecode.swift; path = ListViewController.swift; sourceTree = "<group>"; };
		EEB6C7E52544AC5400085D62 /* MainTabBarController.swift */ = {isa = PBXFileReference; lastKnownFileType = sourcecode.swift; path = MainTabBarController.swift; sourceTree = "<group>"; };
		EEB6C7E92544AC9300085D62 /* PeopleViewController.swift */ = {isa = PBXFileReference; lastKnownFileType = sourcecode.swift; path = PeopleViewController.swift; sourceTree = "<group>"; };
		EEEEE6192540AD8200A8D4D2 /* iChat.app */ = {isa = PBXFileReference; explicitFileType = wrapper.application; includeInIndex = 0; path = iChat.app; sourceTree = BUILT_PRODUCTS_DIR; };
		EEEEE61C2540AD8200A8D4D2 /* AppDelegate.swift */ = {isa = PBXFileReference; lastKnownFileType = sourcecode.swift; path = AppDelegate.swift; sourceTree = "<group>"; };
		EEEEE61E2540AD8200A8D4D2 /* SceneDelegate.swift */ = {isa = PBXFileReference; lastKnownFileType = sourcecode.swift; path = SceneDelegate.swift; sourceTree = "<group>"; };
		EEEEE6202540AD8200A8D4D2 /* AuthViewController.swift */ = {isa = PBXFileReference; lastKnownFileType = sourcecode.swift; path = AuthViewController.swift; sourceTree = "<group>"; };
		EEEEE6252540AD8500A8D4D2 /* Assets.xcassets */ = {isa = PBXFileReference; lastKnownFileType = folder.assetcatalog; path = Assets.xcassets; sourceTree = "<group>"; };
		EEEEE6282540AD8500A8D4D2 /* Base */ = {isa = PBXFileReference; lastKnownFileType = file.storyboard; name = Base; path = Base.lproj/LaunchScreen.storyboard; sourceTree = "<group>"; };
		EEEEE62A2540AD8500A8D4D2 /* Info.plist */ = {isa = PBXFileReference; lastKnownFileType = text.plist.xml; path = Info.plist; sourceTree = "<group>"; };
/* End PBXFileReference section */

/* Begin PBXFrameworksBuildPhase section */
		EEEEE6162540AD8200A8D4D2 /* Frameworks */ = {
			isa = PBXFrameworksBuildPhase;
			buildActionMask = 2147483647;
			files = (
				984E81A892E7CB835338AE48 /* Pods_iChat.framework in Frameworks */,
			);
			runOnlyForDeploymentPostprocessing = 0;
		};
/* End PBXFrameworksBuildPhase section */

/* Begin PBXGroup section */
		A7FC7859AC7EE17DF87BD3A4 /* Pods */ = {
			isa = PBXGroup;
			children = (
				66A72568D4DD7056AADB513C /* Pods-iChat.debug.xcconfig */,
				523751AEEAEDE067C6A599C9 /* Pods-iChat.release.xcconfig */,
			);
			path = Pods;
			sourceTree = "<group>";
		};
		AF4864AEB6239570FA2A5CDA /* Frameworks */ = {
			isa = PBXGroup;
			children = (
				DAE86D0F3950997AC3FC5CEE /* Pods_iChat.framework */,
			);
			name = Frameworks;
			sourceTree = "<group>";
		};
		EE216BC5254AB47000361DA8 /* Services */ = {
			isa = PBXGroup;
			children = (
				EE8EEBFD254981CE00C3EF6D /* Model */,
				EE216BC6254AB4B600361DA8 /* AuthService.swift */,
				EEAB2027254C6315004FD705 /* FirestoreService.swift */,
			);
			name = Services;
			sourceTree = "<group>";
		};
		EE216BD0254AC41800361DA8 /* Helpers */ = {
			isa = PBXGroup;
			children = (
				EE216BCA254ABFC500361DA8 /* Validators.swift */,
				EE216BCD254AC1F100361DA8 /* AuthError.swift */,
				EEAB203F254C6AE7004FD705 /* UserError.swift */,
			);
			path = Helpers;
			sourceTree = "<group>";
		};
		EE8EEBC02546CFC000C3EF6D /* Cell */ = {
			isa = PBXGroup;
			children = (
				EE8EEBC12546CFDA00C3EF6D /* ActiveChatCell.swift */,
				EE8EEBE52549606F00C3EF6D /* WaitingChatCell.swift */,
				EE8EEBFF2549A7F400C3EF6D /* UserCell.swift */,
			);
			path = Cell;
			sourceTree = "<group>";
		};
		EE8EEBE82549618D00C3EF6D /* Protocols */ = {
			isa = PBXGroup;
			children = (
				EE8EEBE9254961A200C3EF6D /* SelfConfiguringCell.swift */,
				EEAB2024254AFAB2004FD705 /* AuthNavigatingDelegate.swift */,
			);
			path = Protocols;
			sourceTree = "<group>";
		};
		EE8EEBF02549804100C3EF6D /* Header */ = {
			isa = PBXGroup;
			children = (
				EE8EEBED254974A100C3EF6D /* SectionHeader.swift */,
			);
			path = Header;
			sourceTree = "<group>";
		};
		EE8EEBFD254981CE00C3EF6D /* Model */ = {
			isa = PBXGroup;
			children = (
				EE8EEBF52549817000C3EF6D /* MChat.swift */,
				EE8EEBFA2549818E00C3EF6D /* MUser.swift */,
			);
			path = Model;
			sourceTree = "<group>";
		};
		EEB4C95C2541B30800863816 /* Extensions */ = {
			isa = PBXGroup;
			children = (
				EEB4C95E2541B31000863816 /* UIKit */,
				EE3879882541B47700985075 /* ButtonFormView.swift */,
				EE3879932541D3BF00985075 /* OneLineTextField.swift */,
				EE6864172541FD3100550130 /* AddPhotoView.swift */,
				EE8EEBBC2546C41D00C3EF6D /* Bundle-Decodable.swift */,
				EE8EEBE125495B5800C3EF6D /* GradientView.swift */,
				EE8EEC08254A085100C3EF6D /* InsertableTextField.swift */,
			);
			path = Extensions;
			sourceTree = "<group>";
		};
		EEB4C95E2541B31000863816 /* UIKit */ = {
			isa = PBXGroup;
			children = (
				EEB4C9592540E74B00863816 /* UIImageView + Extension.swift */,
				EEB4C9562540E66C00863816 /* UILabel + Extension.swift */,
				EEB4C9532540E40C00863816 /* UIColor + Extension.swift */,
				EEB4C9502540E33500863816 /* UIFont + Extension.swift */,
				EE068E3E2540E0C300F20AFE /* UIButton + Extension.swift */,
				EE38798C2541B87E00985075 /* UIStackView + Extension.swift */,
				EE68641C2543761F00550130 /* UISegmentedControl + Extensions.swift */,
				EE8EEC022549A96E00C3EF6D /* UIViewController + Extension.swift */,
				EE8EEC0C254A0C1200C3EF6D /* UIView + Extension.swift */,
				EEAB205B254D7E36004FD705 /* UIApplication + Extension.swift */,
			);
			path = UIKit;
			sourceTree = "<group>";
		};
		EEB6C7E22544AC1600085D62 /* SignIn&Auth */ = {
			isa = PBXGroup;
			children = (
				EEEEE6202540AD8200A8D4D2 /* AuthViewController.swift */,
				EE38798F2541D16B00985075 /* SignUpViewController.swift */,
				EE3879982541E32E00985075 /* LoginViewController.swift */,
				EE38799B2541FA3300985075 /* SetupProfileViewController.swift */,
			);
			path = "SignIn&Auth";
			sourceTree = "<group>";
		};
		EEB6C7E42544AC3A00085D62 /* Controllers */ = {
			isa = PBXGroup;
			children = (
				EE8EEBC02546CFC000C3EF6D /* Cell */,
				EE8EEBF02549804100C3EF6D /* Header */,
				EEB6C7E52544AC5400085D62 /* MainTabBarController.swift */,
				EEB6C7DF2544AA8600085D62 /* ListViewController.swift */,
				EEB6C7E92544AC9300085D62 /* PeopleViewController.swift */,
				EE8EEC05254A038F00C3EF6D /* ProfileViewController.swift */,
				EE8EEC0F254A143700C3EF6D /* ChatRequestViewController.swift */,
			);
			path = Controllers;
			sourceTree = "<group>";
		};
		EEEEE6102540AD8200A8D4D2 = {
			isa = PBXGroup;
			children = (
				EEEEE61B2540AD8200A8D4D2 /* iChat */,
				EEEEE61A2540AD8200A8D4D2 /* Products */,
				A7FC7859AC7EE17DF87BD3A4 /* Pods */,
				AF4864AEB6239570FA2A5CDA /* Frameworks */,
			);
			sourceTree = "<group>";
		};
		EEEEE61A2540AD8200A8D4D2 /* Products */ = {
			isa = PBXGroup;
			children = (
				EEEEE6192540AD8200A8D4D2 /* iChat.app */,
			);
			name = Products;
			sourceTree = "<group>";
		};
		EEEEE61B2540AD8200A8D4D2 /* iChat */ = {
			isa = PBXGroup;
			children = (
				EEEEE61C2540AD8200A8D4D2 /* AppDelegate.swift */,
				EEEEE61E2540AD8200A8D4D2 /* SceneDelegate.swift */,
				EE216BC5254AB47000361DA8 /* Services */,
				EEB6C7E42544AC3A00085D62 /* Controllers */,
				EEB6C7E22544AC1600085D62 /* SignIn&Auth */,
				EE8EEBE82549618D00C3EF6D /* Protocols */,
				EEB4C95C2541B30800863816 /* Extensions */,
				EE216BD0254AC41800361DA8 /* Helpers */,
				EEEEE6252540AD8500A8D4D2 /* Assets.xcassets */,
				EE8EEBB82546C3FA00C3EF6D /* activeChats.json */,
				EE8EEBB72546C3FA00C3EF6D /* waitingChats.json */,
				EE8EEBF12549809900C3EF6D /* users.json */,
				EEEEE6272540AD8500A8D4D2 /* LaunchScreen.storyboard */,
				EEEEE62A2540AD8500A8D4D2 /* Info.plist */,
				EE216BB4254AAE4A00361DA8 /* GoogleService-Info.plist */,
			);
			path = iChat;
			sourceTree = "<group>";
		};
/* End PBXGroup section */

/* Begin PBXNativeTarget section */
		EEEEE6182540AD8200A8D4D2 /* iChat */ = {
			isa = PBXNativeTarget;
			buildConfigurationList = EEEEE62D2540AD8500A8D4D2 /* Build configuration list for PBXNativeTarget "iChat" */;
			buildPhases = (
				4A008015FE8D36BCB0C1076B /* [CP] Check Pods Manifest.lock */,
				EEEEE6152540AD8200A8D4D2 /* Sources */,
				EEEEE6162540AD8200A8D4D2 /* Frameworks */,
				EEEEE6172540AD8200A8D4D2 /* Resources */,
				596526959A88DD0D40517AC9 /* [CP] Embed Pods Frameworks */,
				BDF3F68F65CF7CA7C36D5B4A /* [CP] Copy Pods Resources */,
			);
			buildRules = (
			);
			dependencies = (
			);
			name = iChat;
			productName = iChat;
			productReference = EEEEE6192540AD8200A8D4D2 /* iChat.app */;
			productType = "com.apple.product-type.application";
		};
/* End PBXNativeTarget section */

/* Begin PBXProject section */
		EEEEE6112540AD8200A8D4D2 /* Project object */ = {
			isa = PBXProject;
			attributes = {
				LastSwiftUpdateCheck = 1200;
				LastUpgradeCheck = 1200;
				TargetAttributes = {
					EEEEE6182540AD8200A8D4D2 = {
						CreatedOnToolsVersion = 12.0.1;
					};
				};
			};
			buildConfigurationList = EEEEE6142540AD8200A8D4D2 /* Build configuration list for PBXProject "iChat" */;
			compatibilityVersion = "Xcode 9.3";
			developmentRegion = en;
			hasScannedForEncodings = 0;
			knownRegions = (
				en,
				Base,
			);
			mainGroup = EEEEE6102540AD8200A8D4D2;
			productRefGroup = EEEEE61A2540AD8200A8D4D2 /* Products */;
			projectDirPath = "";
			projectRoot = "";
			targets = (
				EEEEE6182540AD8200A8D4D2 /* iChat */,
			);
		};
/* End PBXProject section */

/* Begin PBXResourcesBuildPhase section */
		EEEEE6172540AD8200A8D4D2 /* Resources */ = {
			isa = PBXResourcesBuildPhase;
			buildActionMask = 2147483647;
			files = (
				EE8EEBF22549809900C3EF6D /* users.json in Resources */,
				EE8EEBB92546C3FA00C3EF6D /* waitingChats.json in Resources */,
				EEEEE6292540AD8500A8D4D2 /* LaunchScreen.storyboard in Resources */,
				EEEEE6262540AD8500A8D4D2 /* Assets.xcassets in Resources */,
				EE8EEBBA2546C3FA00C3EF6D /* activeChats.json in Resources */,
				EE216BB5254AAE4A00361DA8 /* GoogleService-Info.plist in Resources */,
			);
			runOnlyForDeploymentPostprocessing = 0;
		};
/* End PBXResourcesBuildPhase section */

/* Begin PBXShellScriptBuildPhase section */
		4A008015FE8D36BCB0C1076B /* [CP] Check Pods Manifest.lock */ = {
			isa = PBXShellScriptBuildPhase;
			buildActionMask = 2147483647;
			files = (
			);
			inputFileListPaths = (
			);
			inputPaths = (
				"${PODS_PODFILE_DIR_PATH}/Podfile.lock",
				"${PODS_ROOT}/Manifest.lock",
			);
			name = "[CP] Check Pods Manifest.lock";
			outputFileListPaths = (
			);
			outputPaths = (
				"$(DERIVED_FILE_DIR)/Pods-iChat-checkManifestLockResult.txt",
			);
			runOnlyForDeploymentPostprocessing = 0;
			shellPath = /bin/sh;
			shellScript = "diff \"${PODS_PODFILE_DIR_PATH}/Podfile.lock\" \"${PODS_ROOT}/Manifest.lock\" > /dev/null\nif [ $? != 0 ] ; then\n    # print error to STDERR\n    echo \"error: The sandbox is not in sync with the Podfile.lock. Run 'pod install' or update your CocoaPods installation.\" >&2\n    exit 1\nfi\n# This output is used by Xcode 'outputs' to avoid re-running this script phase.\necho \"SUCCESS\" > \"${SCRIPT_OUTPUT_FILE_0}\"\n";
			showEnvVarsInLog = 0;
		};
		596526959A88DD0D40517AC9 /* [CP] Embed Pods Frameworks */ = {
			isa = PBXShellScriptBuildPhase;
			buildActionMask = 2147483647;
			files = (
			);
			inputFileListPaths = (
				"${PODS_ROOT}/Target Support Files/Pods-iChat/Pods-iChat-frameworks-${CONFIGURATION}-input-files.xcfilelist",
			);
			name = "[CP] Embed Pods Frameworks";
			outputFileListPaths = (
				"${PODS_ROOT}/Target Support Files/Pods-iChat/Pods-iChat-frameworks-${CONFIGURATION}-output-files.xcfilelist",
			);
			runOnlyForDeploymentPostprocessing = 0;
			shellPath = /bin/sh;
			shellScript = "\"${PODS_ROOT}/Target Support Files/Pods-iChat/Pods-iChat-frameworks.sh\"\n";
			showEnvVarsInLog = 0;
		};
		BDF3F68F65CF7CA7C36D5B4A /* [CP] Copy Pods Resources */ = {
			isa = PBXShellScriptBuildPhase;
			buildActionMask = 2147483647;
			files = (
			);
			inputFileListPaths = (
				"${PODS_ROOT}/Target Support Files/Pods-iChat/Pods-iChat-resources-${CONFIGURATION}-input-files.xcfilelist",
			);
			name = "[CP] Copy Pods Resources";
			outputFileListPaths = (
				"${PODS_ROOT}/Target Support Files/Pods-iChat/Pods-iChat-resources-${CONFIGURATION}-output-files.xcfilelist",
			);
			runOnlyForDeploymentPostprocessing = 0;
			shellPath = /bin/sh;
			shellScript = "\"${PODS_ROOT}/Target Support Files/Pods-iChat/Pods-iChat-resources.sh\"\n";
			showEnvVarsInLog = 0;
		};
/* End PBXShellScriptBuildPhase section */

/* Begin PBXSourcesBuildPhase section */
		EEEEE6152540AD8200A8D4D2 /* Sources */ = {
			isa = PBXSourcesBuildPhase;
			buildActionMask = 2147483647;
			files = (
				EEB6C7E02544AA8600085D62 /* ListViewController.swift in Sources */,
				EE3879942541D3BF00985075 /* OneLineTextField.swift in Sources */,
				EE8EEBEE254974A100C3EF6D /* SectionHeader.swift in Sources */,
				EE8EEBE225495B5800C3EF6D /* GradientView.swift in Sources */,
				EEAB205C254D7E36004FD705 /* UIApplication + Extension.swift in Sources */,
				EEB6C7E62544AC5400085D62 /* MainTabBarController.swift in Sources */,
				EE3879902541D16B00985075 /* SignUpViewController.swift in Sources */,
				EE216BCE254AC1F100361DA8 /* AuthError.swift in Sources */,
				EE8EEBC22546CFDA00C3EF6D /* ActiveChatCell.swift in Sources */,
				EEB4C9512540E33500863816 /* UIFont + Extension.swift in Sources */,
				EE216BCB254ABFC500361DA8 /* Validators.swift in Sources */,
				EEB6C7EA2544AC9300085D62 /* PeopleViewController.swift in Sources */,
				EEEEE6212540AD8200A8D4D2 /* AuthViewController.swift in Sources */,
				EE8EEC09254A085100C3EF6D /* InsertableTextField.swift in Sources */,
				EE8EEBBD2546C41D00C3EF6D /* Bundle-Decodable.swift in Sources */,
				EE38799C2541FA3300985075 /* SetupProfileViewController.swift in Sources */,
				EEAB2028254C6315004FD705 /* FirestoreService.swift in Sources */,
				EE8EEC06254A038F00C3EF6D /* ProfileViewController.swift in Sources */,
				EEEEE61D2540AD8200A8D4D2 /* AppDelegate.swift in Sources */,
				EE8EEC10254A143700C3EF6D /* ChatRequestViewController.swift in Sources */,
				EE8EEBFB2549818E00C3EF6D /* MUser.swift in Sources */,
				EE68641D2543761F00550130 /* UISegmentedControl + Extensions.swift in Sources */,
				EE38798D2541B87E00985075 /* UIStackView + Extension.swift in Sources */,
				EE6864182541FD3100550130 /* AddPhotoView.swift in Sources */,
				EEAB2040254C6AE7004FD705 /* UserError.swift in Sources */,
				EEB4C9572540E66C00863816 /* UILabel + Extension.swift in Sources */,
				EE8EEC0D254A0C1200C3EF6D /* UIView + Extension.swift in Sources */,
				EE3879892541B47700985075 /* ButtonFormView.swift in Sources */,
				EE8EEBEA254961A200C3EF6D /* SelfConfiguringCell.swift in Sources */,
				EE8EEC002549A7F400C3EF6D /* UserCell.swift in Sources */,
				EEAB2025254AFAB2004FD705 /* AuthNavigatingDelegate.swift in Sources */,
				EE8EEC032549A96E00C3EF6D /* UIViewController + Extension.swift in Sources */,
				EE8EEBE62549606F00C3EF6D /* WaitingChatCell.swift in Sources */,
				EEB4C95A2540E74B00863816 /* UIImageView + Extension.swift in Sources */,
				EEB4C9542540E40C00863816 /* UIColor + Extension.swift in Sources */,
				EEEEE61F2540AD8200A8D4D2 /* SceneDelegate.swift in Sources */,
				EE8EEBF62549817000C3EF6D /* MChat.swift in Sources */,
				EE216BC7254AB4B600361DA8 /* AuthService.swift in Sources */,
				EE3879992541E32E00985075 /* LoginViewController.swift in Sources */,
				EE068E3F2540E0C300F20AFE /* UIButton + Extension.swift in Sources */,
			);
			runOnlyForDeploymentPostprocessing = 0;
		};
/* End PBXSourcesBuildPhase section */

/* Begin PBXVariantGroup section */
		EEEEE6272540AD8500A8D4D2 /* LaunchScreen.storyboard */ = {
			isa = PBXVariantGroup;
			children = (
				EEEEE6282540AD8500A8D4D2 /* Base */,
			);
			name = LaunchScreen.storyboard;
			sourceTree = "<group>";
		};
/* End PBXVariantGroup section */

/* Begin XCBuildConfiguration section */
		EEEEE62B2540AD8500A8D4D2 /* Debug */ = {
			isa = XCBuildConfiguration;
			buildSettings = {
				ALWAYS_SEARCH_USER_PATHS = NO;
				CLANG_ANALYZER_NONNULL = YES;
				CLANG_ANALYZER_NUMBER_OBJECT_CONVERSION = YES_AGGRESSIVE;
				CLANG_CXX_LANGUAGE_STANDARD = "gnu++14";
				CLANG_CXX_LIBRARY = "libc++";
				CLANG_ENABLE_MODULES = YES;
				CLANG_ENABLE_OBJC_ARC = YES;
				CLANG_ENABLE_OBJC_WEAK = YES;
				CLANG_WARN_BLOCK_CAPTURE_AUTORELEASING = YES;
				CLANG_WARN_BOOL_CONVERSION = YES;
				CLANG_WARN_COMMA = YES;
				CLANG_WARN_CONSTANT_CONVERSION = YES;
				CLANG_WARN_DEPRECATED_OBJC_IMPLEMENTATIONS = YES;
				CLANG_WARN_DIRECT_OBJC_ISA_USAGE = YES_ERROR;
				CLANG_WARN_DOCUMENTATION_COMMENTS = YES;
				CLANG_WARN_EMPTY_BODY = YES;
				CLANG_WARN_ENUM_CONVERSION = YES;
				CLANG_WARN_INFINITE_RECURSION = YES;
				CLANG_WARN_INT_CONVERSION = YES;
				CLANG_WARN_NON_LITERAL_NULL_CONVERSION = YES;
				CLANG_WARN_OBJC_IMPLICIT_RETAIN_SELF = YES;
				CLANG_WARN_OBJC_LITERAL_CONVERSION = YES;
				CLANG_WARN_OBJC_ROOT_CLASS = YES_ERROR;
				CLANG_WARN_QUOTED_INCLUDE_IN_FRAMEWORK_HEADER = YES;
				CLANG_WARN_RANGE_LOOP_ANALYSIS = YES;
				CLANG_WARN_STRICT_PROTOTYPES = YES;
				CLANG_WARN_SUSPICIOUS_MOVE = YES;
				CLANG_WARN_UNGUARDED_AVAILABILITY = YES_AGGRESSIVE;
				CLANG_WARN_UNREACHABLE_CODE = YES;
				CLANG_WARN__DUPLICATE_METHOD_MATCH = YES;
				COPY_PHASE_STRIP = NO;
				DEBUG_INFORMATION_FORMAT = dwarf;
				ENABLE_STRICT_OBJC_MSGSEND = YES;
				ENABLE_TESTABILITY = YES;
				GCC_C_LANGUAGE_STANDARD = gnu11;
				GCC_DYNAMIC_NO_PIC = NO;
				GCC_NO_COMMON_BLOCKS = YES;
				GCC_OPTIMIZATION_LEVEL = 0;
				GCC_PREPROCESSOR_DEFINITIONS = (
					"DEBUG=1",
					"$(inherited)",
				);
				GCC_WARN_64_TO_32_BIT_CONVERSION = YES;
				GCC_WARN_ABOUT_RETURN_TYPE = YES_ERROR;
				GCC_WARN_UNDECLARED_SELECTOR = YES;
				GCC_WARN_UNINITIALIZED_AUTOS = YES_AGGRESSIVE;
				GCC_WARN_UNUSED_FUNCTION = YES;
				GCC_WARN_UNUSED_VARIABLE = YES;
				IPHONEOS_DEPLOYMENT_TARGET = 14.0;
				MTL_ENABLE_DEBUG_INFO = INCLUDE_SOURCE;
				MTL_FAST_MATH = YES;
				ONLY_ACTIVE_ARCH = YES;
				SDKROOT = iphoneos;
				SWIFT_ACTIVE_COMPILATION_CONDITIONS = DEBUG;
				SWIFT_OPTIMIZATION_LEVEL = "-Onone";
			};
			name = Debug;
		};
		EEEEE62C2540AD8500A8D4D2 /* Release */ = {
			isa = XCBuildConfiguration;
			buildSettings = {
				ALWAYS_SEARCH_USER_PATHS = NO;
				CLANG_ANALYZER_NONNULL = YES;
				CLANG_ANALYZER_NUMBER_OBJECT_CONVERSION = YES_AGGRESSIVE;
				CLANG_CXX_LANGUAGE_STANDARD = "gnu++14";
				CLANG_CXX_LIBRARY = "libc++";
				CLANG_ENABLE_MODULES = YES;
				CLANG_ENABLE_OBJC_ARC = YES;
				CLANG_ENABLE_OBJC_WEAK = YES;
				CLANG_WARN_BLOCK_CAPTURE_AUTORELEASING = YES;
				CLANG_WARN_BOOL_CONVERSION = YES;
				CLANG_WARN_COMMA = YES;
				CLANG_WARN_CONSTANT_CONVERSION = YES;
				CLANG_WARN_DEPRECATED_OBJC_IMPLEMENTATIONS = YES;
				CLANG_WARN_DIRECT_OBJC_ISA_USAGE = YES_ERROR;
				CLANG_WARN_DOCUMENTATION_COMMENTS = YES;
				CLANG_WARN_EMPTY_BODY = YES;
				CLANG_WARN_ENUM_CONVERSION = YES;
				CLANG_WARN_INFINITE_RECURSION = YES;
				CLANG_WARN_INT_CONVERSION = YES;
				CLANG_WARN_NON_LITERAL_NULL_CONVERSION = YES;
				CLANG_WARN_OBJC_IMPLICIT_RETAIN_SELF = YES;
				CLANG_WARN_OBJC_LITERAL_CONVERSION = YES;
				CLANG_WARN_OBJC_ROOT_CLASS = YES_ERROR;
				CLANG_WARN_QUOTED_INCLUDE_IN_FRAMEWORK_HEADER = YES;
				CLANG_WARN_RANGE_LOOP_ANALYSIS = YES;
				CLANG_WARN_STRICT_PROTOTYPES = YES;
				CLANG_WARN_SUSPICIOUS_MOVE = YES;
				CLANG_WARN_UNGUARDED_AVAILABILITY = YES_AGGRESSIVE;
				CLANG_WARN_UNREACHABLE_CODE = YES;
				CLANG_WARN__DUPLICATE_METHOD_MATCH = YES;
				COPY_PHASE_STRIP = NO;
				DEBUG_INFORMATION_FORMAT = "dwarf-with-dsym";
				ENABLE_NS_ASSERTIONS = NO;
				ENABLE_STRICT_OBJC_MSGSEND = YES;
				GCC_C_LANGUAGE_STANDARD = gnu11;
				GCC_NO_COMMON_BLOCKS = YES;
				GCC_WARN_64_TO_32_BIT_CONVERSION = YES;
				GCC_WARN_ABOUT_RETURN_TYPE = YES_ERROR;
				GCC_WARN_UNDECLARED_SELECTOR = YES;
				GCC_WARN_UNINITIALIZED_AUTOS = YES_AGGRESSIVE;
				GCC_WARN_UNUSED_FUNCTION = YES;
				GCC_WARN_UNUSED_VARIABLE = YES;
				IPHONEOS_DEPLOYMENT_TARGET = 14.0;
				MTL_ENABLE_DEBUG_INFO = NO;
				MTL_FAST_MATH = YES;
				SDKROOT = iphoneos;
				SWIFT_COMPILATION_MODE = wholemodule;
				SWIFT_OPTIMIZATION_LEVEL = "-O";
				VALIDATE_PRODUCT = YES;
			};
			name = Release;
		};
		EEEEE62E2540AD8500A8D4D2 /* Debug */ = {
			isa = XCBuildConfiguration;
			baseConfigurationReference = 66A72568D4DD7056AADB513C /* Pods-iChat.debug.xcconfig */;
			buildSettings = {
				ASSETCATALOG_COMPILER_APPICON_NAME = AppIcon;
				ASSETCATALOG_COMPILER_GLOBAL_ACCENT_COLOR_NAME = AccentColor;
				CODE_SIGN_STYLE = Automatic;
				DEVELOPMENT_TEAM = 5KM34KGGDU;
				INFOPLIST_FILE = iChat/Info.plist;
				LD_RUNPATH_SEARCH_PATHS = (
					"$(inherited)",
					"@executable_path/Frameworks",
				);
				PRODUCT_BUNDLE_IDENTIFIER = AlexandrBadmaev.iChat;
				PRODUCT_NAME = "$(TARGET_NAME)";
				SWIFT_VERSION = 5.0;
				TARGETED_DEVICE_FAMILY = "1,2";
			};
			name = Debug;
		};
		EEEEE62F2540AD8500A8D4D2 /* Release */ = {
			isa = XCBuildConfiguration;
			baseConfigurationReference = 523751AEEAEDE067C6A599C9 /* Pods-iChat.release.xcconfig */;
			buildSettings = {
				ASSETCATALOG_COMPILER_APPICON_NAME = AppIcon;
				ASSETCATALOG_COMPILER_GLOBAL_ACCENT_COLOR_NAME = AccentColor;
				CODE_SIGN_STYLE = Automatic;
				DEVELOPMENT_TEAM = 5KM34KGGDU;
				INFOPLIST_FILE = iChat/Info.plist;
				LD_RUNPATH_SEARCH_PATHS = (
					"$(inherited)",
					"@executable_path/Frameworks",
				);
				PRODUCT_BUNDLE_IDENTIFIER = AlexandrBadmaev.iChat;
				PRODUCT_NAME = "$(TARGET_NAME)";
				SWIFT_VERSION = 5.0;
				TARGETED_DEVICE_FAMILY = "1,2";
			};
			name = Release;
		};
/* End XCBuildConfiguration section */

/* Begin XCConfigurationList section */
		EEEEE6142540AD8200A8D4D2 /* Build configuration list for PBXProject "iChat" */ = {
			isa = XCConfigurationList;
			buildConfigurations = (
				EEEEE62B2540AD8500A8D4D2 /* Debug */,
				EEEEE62C2540AD8500A8D4D2 /* Release */,
			);
			defaultConfigurationIsVisible = 0;
			defaultConfigurationName = Release;
		};
		EEEEE62D2540AD8500A8D4D2 /* Build configuration list for PBXNativeTarget "iChat" */ = {
			isa = XCConfigurationList;
			buildConfigurations = (
				EEEEE62E2540AD8500A8D4D2 /* Debug */,
				EEEEE62F2540AD8500A8D4D2 /* Release */,
			);
			defaultConfigurationIsVisible = 0;
			defaultConfigurationName = Release;
		};
/* End XCConfigurationList section */
	};
	rootObject = EEEEE6112540AD8200A8D4D2 /* Project object */;
}
